
Microsoft Visual Studio Solution File, Format Version 12.00
# Visual Studio 2013
Project("{FAE04EC0-301F-11D3-BF4B-00C04F79EFBC}") = "WpfApplication1", "WpfApplication1\WpfApplication1.csproj", "{FEFFD0CC-B82B-4C26-B8B6-AFE2AF834CF9}"
EndProject
Global
	GlobalSection(SolutionConfigurationPlatforms) = preSolution
		Debug|Any CPU = Debug|Any CPU
		Release|Any CPU = Release|Any CPU
	EndGlobalSection
	GlobalSection(ProjectConfigurationPlatforms) = postSolution
		{FEFFD0CC-B82B-4C26-B8B6-AFE2AF834CF9}.Debug|Any CPU.ActiveCfg = Debug|Any CPU
		{FEFFD0CC-B82B-4C26-B8B6-AFE2AF834CF9}.Debug|Any CPU.Build.0 = Debug|Any CPU
		{FEFFD0CC-B82B-4C26-B8B6-AFE2AF834CF9}.Release|Any CPU.ActiveCfg = Release|Any CPU
		{FEFFD0CC-B82B-4C26-B8B6-AFE2AF834CF9}.Release|Any CPU.Build.0 = Release|Any CPU
	EndGlobalSection
EndGlobal
